
Microsoft Visual Studio Solution File, Format Version 12.00
# Visual Studio Version 17
VisualStudioVersion = 17.1.32421.90
MinimumVisualStudioVersion = 10.0.40219.1
Project("{FAE04EC0-301F-11D3-BF4B-00C04F79EFBC}") = "library_framework48_2_standard2", "library_framework48_2_standard2\library_framework48_2_standard2.csproj", "{FA19C1E5-86F1-4832-BCD2-F424BCADE77B}"
EndProject
Global
	GlobalSection(SolutionConfigurationPlatforms) = preSolution
		Debug|Any CPU = Debug|Any CPU
		Debug|x64 = Debug|x64
		Release|Any CPU = Release|Any CPU
		Release|x64 = Release|x64
	EndGlobalSection
	GlobalSection(ProjectConfigurationPlatforms) = postSolution
		{FA19C1E5-86F1-4832-BCD2-F424BCADE77B}.Debug|Any CPU.ActiveCfg = Debug|Any CPU
		{FA19C1E5-86F1-4832-BCD2-F424BCADE77B}.Debug|Any CPU.Build.0 = Debug|Any CPU
		{FA19C1E5-86F1-4832-BCD2-F424BCADE77B}.Debug|x64.ActiveCfg = Debug|x64
		{FA19C1E5-86F1-4832-BCD2-F424BCADE77B}.Debug|x64.Build.0 = Debug|x64
		{FA19C1E5-86F1-4832-BCD2-F424BCADE77B}.Release|Any CPU.ActiveCfg = Release|Any CPU
		{FA19C1E5-86F1-4832-BCD2-F424BCADE77B}.Release|Any CPU.Build.0 = Release|Any CPU
		{FA19C1E5-86F1-4832-BCD2-F424BCADE77B}.Release|x64.ActiveCfg = Release|x64
		{FA19C1E5-86F1-4832-BCD2-F424BCADE77B}.Release|x64.Build.0 = Release|x64
	EndGlobalSection
	GlobalSection(SolutionProperties) = preSolution
		HideSolutionNode = FALSE
	EndGlobalSection
	GlobalSection(ExtensibilityGlobals) = postSolution
		SolutionGuid = {2C300784-4F6C-4A2F-A0B6-8B5029FB2E55}
	EndGlobalSection
EndGlobal
